// !$*UTF8*$!
{
	archiveVersion = 1;
	classes = {
	};
	objectVersion = 77;
	objects = {

/* Begin PBXContainerItemProxy section */
		8899A31B2D775CB7007DEAAB /* PBXContainerItemProxy */ = {
			isa = PBXContainerItemProxy;
			containerPortal = 8899A3002D775CB6007DEAAB /* Project object */;
			proxyType = 1;
			remoteGlobalIDString = 8899A3072D775CB6007DEAAB;
			remoteInfo = CaseBriefer;
		};
		8899A3252D775CB7007DEAAB /* PBXContainerItemProxy */ = {
			isa = PBXContainerItemProxy;
			containerPortal = 8899A3002D775CB6007DEAAB /* Project object */;
			proxyType = 1;
			remoteGlobalIDString = 8899A3072D775CB6007DEAAB;
			remoteInfo = CaseBriefer;
		};
/* End PBXContainerItemProxy section */

/* Begin PBXFileReference section */
		8899A3082D775CB6007DEAAB /* CaseBriefer.app */ = {isa = PBXFileReference; explicitFileType = wrapper.application; includeInIndex = 0; path = CaseBriefer.app; sourceTree = BUILT_PRODUCTS_DIR; };
		8899A31A2D775CB7007DEAAB /* CaseBrieferTests.xctest */ = {isa = PBXFileReference; explicitFileType = wrapper.cfbundle; includeInIndex = 0; path = CaseBrieferTests.xctest; sourceTree = BUILT_PRODUCTS_DIR; };
		8899A3242D775CB7007DEAAB /* CaseBrieferUITests.xctest */ = {isa = PBXFileReference; explicitFileType = wrapper.cfbundle; includeInIndex = 0; path = CaseBrieferUITests.xctest; sourceTree = BUILT_PRODUCTS_DIR; };
/* End PBXFileReference section */

/* Begin PBXFileSystemSynchronizedRootGroup section */
		8899A30A2D775CB6007DEAAB /* CaseBriefer */ = {
			isa = PBXFileSystemSynchronizedRootGroup;
			path = CaseBriefer;
			sourceTree = "<group>";
		};
		8899A31D2D775CB7007DEAAB /* CaseBrieferTests */ = {
			isa = PBXFileSystemSynchronizedRootGroup;
			path = CaseBrieferTests;
			sourceTree = "<group>";
		};
		8899A3272D775CB7007DEAAB /* CaseBrieferUITests */ = {
			isa = PBXFileSystemSynchronizedRootGroup;
			path = CaseBrieferUITests;
			sourceTree = "<group>";
		};
/* End PBXFileSystemSynchronizedRootGroup section */

/* Begin PBXFrameworksBuildPhase section */
		8899A3052D775CB6007DEAAB /* Frameworks */ = {
			isa = PBXFrameworksBuildPhase;
			buildActionMask = 2147483647;
			files = (
			);
			runOnlyForDeploymentPostprocessing = 0;
		};
		8899A3172D775CB7007DEAAB /* Frameworks */ = {
			isa = PBXFrameworksBuildPhase;
			buildActionMask = 2147483647;
			files = (
			);
			runOnlyForDeploymentPostprocessing = 0;
		};
		8899A3212D775CB7007DEAAB /* Frameworks */ = {
			isa = PBXFrameworksBuildPhase;
			buildActionMask = 2147483647;
			files = (
			);
			runOnlyForDeploymentPostprocessing = 0;
		};
/* End PBXFrameworksBuildPhase section */

/* Begin PBXGroup section */
		8899A2FF2D775CB6007DEAAB = {
			isa = PBXGroup;
			children = (
				8899A30A2D775CB6007DEAAB /* CaseBriefer */,
				8899A31D2D775CB7007DEAAB /* CaseBrieferTests */,
				8899A3272D775CB7007DEAAB /* CaseBrieferUITests */,
				8899A3092D775CB6007DEAAB /* Products */,
			);
			sourceTree = "<group>";
		};
		8899A3092D775CB6007DEAAB /* Products */ = {
			isa = PBXGroup;
			children = (
				8899A3082D775CB6007DEAAB /* CaseBriefer.app */,
				8899A31A2D775CB7007DEAAB /* CaseBrieferTests.xctest */,
				8899A3242D775CB7007DEAAB /* CaseBrieferUITests.xctest */,
			);
			name = Products;
			sourceTree = "<group>";
		};
/* End PBXGroup section */

/* Begin PBXNativeTarget section */
		8899A3072D775CB6007DEAAB /* CaseBriefer */ = {
			isa = PBXNativeTarget;
			buildConfigurationList = 8899A32E2D775CB7007DEAAB /* Build configuration list for PBXNativeTarget "CaseBriefer" */;
			buildPhases = (
				8899A3042D775CB6007DEAAB /* Sources */,
				8899A3052D775CB6007DEAAB /* Frameworks */,
				8899A3062D775CB6007DEAAB /* Resources */,
			);
			buildRules = (
			);
			dependencies = (
			);
			fileSystemSynchronizedGroups = (
				8899A30A2D775CB6007DEAAB /* CaseBriefer */,
			);
			name = CaseBriefer;
			packageProductDependencies = (
			);
			productName = CaseBriefer;
			productReference = 8899A3082D775CB6007DEAAB /* CaseBriefer.app */;
			productType = "com.apple.product-type.application";
		};
		8899A3192D775CB7007DEAAB /* CaseBrieferTests */ = {
			isa = PBXNativeTarget;
			buildConfigurationList = 8899A3312D775CB7007DEAAB /* Build configuration list for PBXNativeTarget "CaseBrieferTests" */;
			buildPhases = (
				8899A3162D775CB7007DEAAB /* Sources */,
				8899A3172D775CB7007DEAAB /* Frameworks */,
				8899A3182D775CB7007DEAAB /* Resources */,
			);
			buildRules = (
			);
			dependencies = (
				8899A31C2D775CB7007DEAAB /* PBXTargetDependency */,
			);
			fileSystemSynchronizedGroups = (
				8899A31D2D775CB7007DEAAB /* CaseBrieferTests */,
			);
			name = CaseBrieferTests;
			packageProductDependencies = (
			);
			productName = CaseBrieferTests;
			productReference = 8899A31A2D775CB7007DEAAB /* CaseBrieferTests.xctest */;
			productType = "com.apple.product-type.bundle.unit-test";
		};
		8899A3232D775CB7007DEAAB /* CaseBrieferUITests */ = {
			isa = PBXNativeTarget;
			buildConfigurationList = 8899A3342D775CB7007DEAAB /* Build configuration list for PBXNativeTarget "CaseBrieferUITests" */;
			buildPhases = (
				8899A3202D775CB7007DEAAB /* Sources */,
				8899A3212D775CB7007DEAAB /* Frameworks */,
				8899A3222D775CB7007DEAAB /* Resources */,
			);
			buildRules = (
			);
			dependencies = (
				8899A3262D775CB7007DEAAB /* PBXTargetDependency */,
			);
			fileSystemSynchronizedGroups = (
				8899A3272D775CB7007DEAAB /* CaseBrieferUITests */,
			);
			name = CaseBrieferUITests;
			packageProductDependencies = (
			);
			productName = CaseBrieferUITests;
			productReference = 8899A3242D775CB7007DEAAB /* CaseBrieferUITests.xctest */;
			productType = "com.apple.product-type.bundle.ui-testing";
		};
/* End PBXNativeTarget section */

/* Begin PBXProject section */
		8899A3002D775CB6007DEAAB /* Project object */ = {
			isa = PBXProject;
			attributes = {
				BuildIndependentTargetsInParallel = 1;
				LastSwiftUpdateCheck = 1620;
				LastUpgradeCheck = 1620;
				TargetAttributes = {
					8899A3072D775CB6007DEAAB = {
						CreatedOnToolsVersion = 16.2;
					};
					8899A3192D775CB7007DEAAB = {
						CreatedOnToolsVersion = 16.2;
						TestTargetID = 8899A3072D775CB6007DEAAB;
					};
					8899A3232D775CB7007DEAAB = {
						CreatedOnToolsVersion = 16.2;
						TestTargetID = 8899A3072D775CB6007DEAAB;
					};
				};
			};
			buildConfigurationList = 8899A3032D775CB6007DEAAB /* Build configuration list for PBXProject "CaseBriefer" */;
			developmentRegion = en;
			hasScannedForEncodings = 0;
			knownRegions = (
				en,
				Base,
			);
			mainGroup = 8899A2FF2D775CB6007DEAAB;
			minimizedProjectReferenceProxies = 1;
			preferredProjectObjectVersion = 77;
			productRefGroup = 8899A3092D775CB6007DEAAB /* Products */;
			projectDirPath = "";
			projectRoot = "";
			targets = (
				8899A3072D775CB6007DEAAB /* CaseBriefer */,
				8899A3192D775CB7007DEAAB /* CaseBrieferTests */,
				8899A3232D775CB7007DEAAB /* CaseBrieferUITests */,
			);
		};
/* End PBXProject section */

/* Begin PBXResourcesBuildPhase section */
		8899A3062D775CB6007DEAAB /* Resources */ = {
			isa = PBXResourcesBuildPhase;
			buildActionMask = 2147483647;
			files = (
			);
			runOnlyForDeploymentPostprocessing = 0;
		};
		8899A3182D775CB7007DEAAB /* Resources */ = {
			isa = PBXResourcesBuildPhase;
			buildActionMask = 2147483647;
			files = (
			);
			runOnlyForDeploymentPostprocessing = 0;
		};
		8899A3222D775CB7007DEAAB /* Resources */ = {
			isa = PBXResourcesBuildPhase;
			buildActionMask = 2147483647;
			files = (
			);
			runOnlyForDeploymentPostprocessing = 0;
		};
/* End PBXResourcesBuildPhase section */

/* Begin PBXSourcesBuildPhase section */
		8899A3042D775CB6007DEAAB /* Sources */ = {
			isa = PBXSourcesBuildPhase;
			buildActionMask = 2147483647;
			files = (
			);
			runOnlyForDeploymentPostprocessing = 0;
		};
		8899A3162D775CB7007DEAAB /* Sources */ = {
			isa = PBXSourcesBuildPhase;
			buildActionMask = 2147483647;
			files = (
			);
			runOnlyForDeploymentPostprocessing = 0;
		};
		8899A3202D775CB7007DEAAB /* Sources */ = {
			isa = PBXSourcesBuildPhase;
			buildActionMask = 2147483647;
			files = (
			);
			runOnlyForDeploymentPostprocessing = 0;
		};
/* End PBXSourcesBuildPhase section */

/* Begin PBXTargetDependency section */
		8899A31C2D775CB7007DEAAB /* PBXTargetDependency */ = {
			isa = PBXTargetDependency;
			target = 8899A3072D775CB6007DEAAB /* CaseBriefer */;
			targetProxy = 8899A31B2D775CB7007DEAAB /* PBXContainerItemProxy */;
		};
		8899A3262D775CB7007DEAAB /* PBXTargetDependency */ = {
			isa = PBXTargetDependency;
			target = 8899A3072D775CB6007DEAAB /* CaseBriefer */;
			targetProxy = 8899A3252D775CB7007DEAAB /* PBXContainerItemProxy */;
		};
/* End PBXTargetDependency section */

/* Begin XCBuildConfiguration section */
		8899A32C2D775CB7007DEAAB /* Debug */ = {
			isa = XCBuildConfiguration;
			buildSettings = {
				ALWAYS_SEARCH_USER_PATHS = NO;
				ASSETCATALOG_COMPILER_GENERATE_SWIFT_ASSET_SYMBOL_EXTENSIONS = YES;
				CLANG_ANALYZER_NONNULL = YES;
				CLANG_ANALYZER_NUMBER_OBJECT_CONVERSION = YES_AGGRESSIVE;
				CLANG_CXX_LANGUAGE_STANDARD = "gnu++20";
				CLANG_ENABLE_MODULES = YES;
				CLANG_ENABLE_OBJC_ARC = YES;
				CLANG_ENABLE_OBJC_WEAK = YES;
				CLANG_WARN_BLOCK_CAPTURE_AUTORELEASING = YES;
				CLANG_WARN_BOOL_CONVERSION = YES;
				CLANG_WARN_COMMA = YES;
				CLANG_WARN_CONSTANT_CONVERSION = YES;
				CLANG_WARN_DEPRECATED_OBJC_IMPLEMENTATIONS = YES;
				CLANG_WARN_DIRECT_OBJC_ISA_USAGE = YES_ERROR;
				CLANG_WARN_DOCUMENTATION_COMMENTS = YES;
				CLANG_WARN_EMPTY_BODY = YES;
				CLANG_WARN_ENUM_CONVERSION = YES;
				CLANG_WARN_INFINITE_RECURSION = YES;
				CLANG_WARN_INT_CONVERSION = YES;
				CLANG_WARN_NON_LITERAL_NULL_CONVERSION = YES;
				CLANG_WARN_OBJC_IMPLICIT_RETAIN_SELF = YES;
				CLANG_WARN_OBJC_LITERAL_CONVERSION = YES;
				CLANG_WARN_OBJC_ROOT_CLASS = YES_ERROR;
				CLANG_WARN_QUOTED_INCLUDE_IN_FRAMEWORK_HEADER = YES;
				CLANG_WARN_RANGE_LOOP_ANALYSIS = YES;
				CLANG_WARN_STRICT_PROTOTYPES = YES;
				CLANG_WARN_SUSPICIOUS_MOVE = YES;
				CLANG_WARN_UNGUARDED_AVAILABILITY = YES_AGGRESSIVE;
				CLANG_WARN_UNREACHABLE_CODE = YES;
				CLANG_WARN__DUPLICATE_METHOD_MATCH = YES;
				COPY_PHASE_STRIP = NO;
				DEBUG_INFORMATION_FORMAT = dwarf;
				ENABLE_STRICT_OBJC_MSGSEND = YES;
				ENABLE_TESTABILITY = YES;
				ENABLE_USER_SCRIPT_SANDBOXING = YES;
				GCC_C_LANGUAGE_STANDARD = gnu17;
				GCC_DYNAMIC_NO_PIC = NO;
				GCC_NO_COMMON_BLOCKS = YES;
				GCC_OPTIMIZATION_LEVEL = 0;
				GCC_PREPROCESSOR_DEFINITIONS = (
					"DEBUG=1",
					"$(inherited)",
				);
				GCC_WARN_64_TO_32_BIT_CONVERSION = YES;
				GCC_WARN_ABOUT_RETURN_TYPE = YES_ERROR;
				GCC_WARN_UNDECLARED_SELECTOR = YES;
				GCC_WARN_UNINITIALIZED_AUTOS = YES_AGGRESSIVE;
				GCC_WARN_UNUSED_FUNCTION = YES;
				GCC_WARN_UNUSED_VARIABLE = YES;
				IPHONEOS_DEPLOYMENT_TARGET = 18.2;
				LOCALIZATION_PREFERS_STRING_CATALOGS = YES;
				MTL_ENABLE_DEBUG_INFO = INCLUDE_SOURCE;
				MTL_FAST_MATH = YES;
				ONLY_ACTIVE_ARCH = YES;
				SDKROOT = iphoneos;
				SWIFT_ACTIVE_COMPILATION_CONDITIONS = "DEBUG $(inherited)";
				SWIFT_OPTIMIZATION_LEVEL = "-Onone";
			};
			name = Debug;
		};
		8899A32D2D775CB7007DEAAB /* Release */ = {
			isa = XCBuildConfiguration;
			buildSettings = {
				ALWAYS_SEARCH_USER_PATHS = NO;
				ASSETCATALOG_COMPILER_GENERATE_SWIFT_ASSET_SYMBOL_EXTENSIONS = YES;
				CLANG_ANALYZER_NONNULL = YES;
				CLANG_ANALYZER_NUMBER_OBJECT_CONVERSION = YES_AGGRESSIVE;
				CLANG_CXX_LANGUAGE_STANDARD = "gnu++20";
				CLANG_ENABLE_MODULES = YES;
				CLANG_ENABLE_OBJC_ARC = YES;
				CLANG_ENABLE_OBJC_WEAK = YES;
				CLANG_WARN_BLOCK_CAPTURE_AUTORELEASING = YES;
				CLANG_WARN_BOOL_CONVERSION = YES;
				CLANG_WARN_COMMA = YES;
				CLANG_WARN_CONSTANT_CONVERSION = YES;
				CLANG_WARN_DEPRECATED_OBJC_IMPLEMENTATIONS = YES;
				CLANG_WARN_DIRECT_OBJC_ISA_USAGE = YES_ERROR;
				CLANG_WARN_DOCUMENTATION_COMMENTS = YES;
				CLANG_WARN_EMPTY_BODY = YES;
				CLANG_WARN_ENUM_CONVERSION = YES;
				CLANG_WARN_INFINITE_RECURSION = YES;
				CLANG_WARN_INT_CONVERSION = YES;
				CLANG_WARN_NON_LITERAL_NULL_CONVERSION = YES;
				CLANG_WARN_OBJC_IMPLICIT_RETAIN_SELF = YES;
				CLANG_WARN_OBJC_LITERAL_CONVERSION = YES;
				CLANG_WARN_OBJC_ROOT_CLASS = YES_ERROR;
				CLANG_WARN_QUOTED_INCLUDE_IN_FRAMEWORK_HEADER = YES;
				CLANG_WARN_RANGE_LOOP_ANALYSIS = YES;
				CLANG_WARN_STRICT_PROTOTYPES = YES;
				CLANG_WARN_SUSPICIOUS_MOVE = YES;
				CLANG_WARN_UNGUARDED_AVAILABILITY = YES_AGGRESSIVE;
				CLANG_WARN_UNREACHABLE_CODE = YES;
				CLANG_WARN__DUPLICATE_METHOD_MATCH = YES;
				COPY_PHASE_STRIP = NO;
				DEBUG_INFORMATION_FORMAT = "dwarf-with-dsym";
				ENABLE_NS_ASSERTIONS = NO;
				ENABLE_STRICT_OBJC_MSGSEND = YES;
				ENABLE_USER_SCRIPT_SANDBOXING = YES;
				GCC_C_LANGUAGE_STANDARD = gnu17;
				GCC_NO_COMMON_BLOCKS = YES;
				GCC_WARN_64_TO_32_BIT_CONVERSION = YES;
				GCC_WARN_ABOUT_RETURN_TYPE = YES_ERROR;
				GCC_WARN_UNDECLARED_SELECTOR = YES;
				GCC_WARN_UNINITIALIZED_AUTOS = YES_AGGRESSIVE;
				GCC_WARN_UNUSED_FUNCTION = YES;
				GCC_WARN_UNUSED_VARIABLE = YES;
				IPHONEOS_DEPLOYMENT_TARGET = 18.2;
				LOCALIZATION_PREFERS_STRING_CATALOGS = YES;
				MTL_ENABLE_DEBUG_INFO = NO;
				MTL_FAST_MATH = YES;
				SDKROOT = iphoneos;
				SWIFT_COMPILATION_MODE = wholemodule;
				VALIDATE_PRODUCT = YES;
			};
			name = Release;
		};
		8899A32F2D775CB7007DEAAB /* Debug */ = {
			isa = XCBuildConfiguration;
			buildSettings = {
				ASSETCATALOG_COMPILER_APPICON_NAME = AppIcon;
				ASSETCATALOG_COMPILER_GLOBAL_ACCENT_COLOR_NAME = AccentColor;
				CODE_SIGN_STYLE = Automatic;
				CURRENT_PROJECT_VERSION = 1;
				DEVELOPMENT_ASSET_PATHS = "\"CaseBriefer/Preview Content\"";
				DEVELOPMENT_TEAM = MC8BT9Z8GD;
				ENABLE_PREVIEWS = YES;
				GENERATE_INFOPLIST_FILE = YES;
				INFOPLIST_KEY_UIApplicationSceneManifest_Generation = YES;
				INFOPLIST_KEY_UIApplicationSupportsIndirectInputEvents = YES;
				INFOPLIST_KEY_UILaunchScreen_Generation = YES;
				INFOPLIST_KEY_UISupportedInterfaceOrientations_iPad = "UIInterfaceOrientationPortrait UIInterfaceOrientationPortraitUpsideDown UIInterfaceOrientationLandscapeLeft UIInterfaceOrientationLandscapeRight";
				INFOPLIST_KEY_UISupportedInterfaceOrientations_iPhone = "UIInterfaceOrientationPortrait UIInterfaceOrientationLandscapeLeft UIInterfaceOrientationLandscapeRight";
				LD_RUNPATH_SEARCH_PATHS = (
					"$(inherited)",
					"@executable_path/Frameworks",
				);
				MARKETING_VERSION = 1.0;
				PRODUCT_BUNDLE_IDENTIFIER = ai.tucuxi.CaseBriefer;
				PRODUCT_NAME = "$(TARGET_NAME)";
				SWIFT_EMIT_LOC_STRINGS = YES;
				SWIFT_VERSION = 5.0;
				TARGETED_DEVICE_FAMILY = "1,2";
			};
			name = Debug;
		};
		8899A3302D775CB7007DEAAB /* Release */ = {
			isa = XCBuildConfiguration;
			buildSettings = {
				ASSETCATALOG_COMPILER_APPICON_NAME = AppIcon;
				ASSETCATALOG_COMPILER_GLOBAL_ACCENT_COLOR_NAME = AccentColor;
				CODE_SIGN_STYLE = Automatic;
				CURRENT_PROJECT_VERSION = 1;
				DEVELOPMENT_ASSET_PATHS = "\"CaseBriefer/Preview Content\"";
				DEVELOPMENT_TEAM = MC8BT9Z8GD;
				ENABLE_PREVIEWS = YES;
				GENERATE_INFOPLIST_FILE = YES;
				INFOPLIST_KEY_UIApplicationSceneManifest_Generation = YES;
				INFOPLIST_KEY_UIApplicationSupportsIndirectInputEvents = YES;
				INFOPLIST_KEY_UILaunchScreen_Generation = YES;
				INFOPLIST_KEY_UISupportedInterfaceOrientations_iPad = "UIInterfaceOrientationPortrait UIInterfaceOrientationPortraitUpsideDown UIInterfaceOrientationLandscapeLeft UIInterfaceOrientationLandscapeRight";
				INFOPLIST_KEY_UISupportedInterfaceOrientations_iPhone = "UIInterfaceOrientationPortrait UIInterfaceOrientationLandscapeLeft UIInterfaceOrientationLandscapeRight";
				LD_RUNPATH_SEARCH_PATHS = (
					"$(inherited)",
					"@executable_path/Frameworks",
				);
				MARKETING_VERSION = 1.0;
				PRODUCT_BUNDLE_IDENTIFIER = ai.tucuxi.CaseBriefer;
				PRODUCT_NAME = "$(TARGET_NAME)";
				SWIFT_EMIT_LOC_STRINGS = YES;
				SWIFT_VERSION = 5.0;
				TARGETED_DEVICE_FAMILY = "1,2";
			};
			name = Release;
		};
		8899A3322D775CB7007DEAAB /* Debug */ = {
			isa = XCBuildConfiguration;
			buildSettings = {
				BUNDLE_LOADER = "$(TEST_HOST)";
				CODE_SIGN_STYLE = Automatic;
				CURRENT_PROJECT_VERSION = 1;
				DEVELOPMENT_TEAM = MC8BT9Z8GD;
				GENERATE_INFOPLIST_FILE = YES;
				IPHONEOS_DEPLOYMENT_TARGET = 18.2;
				MARKETING_VERSION = 1.0;
				PRODUCT_BUNDLE_IDENTIFIER = ai.tucuxi.CaseBrieferTests;
				PRODUCT_NAME = "$(TARGET_NAME)";
				SWIFT_EMIT_LOC_STRINGS = NO;
				SWIFT_VERSION = 5.0;
				TARGETED_DEVICE_FAMILY = "1,2";
				TEST_HOST = "$(BUILT_PRODUCTS_DIR)/CaseBriefer.app/$(BUNDLE_EXECUTABLE_FOLDER_PATH)/CaseBriefer";
			};
			name = Debug;
		};
		8899A3332D775CB7007DEAAB /* Release */ = {
			isa = XCBuildConfiguration;
			buildSettings = {
				BUNDLE_LOADER = "$(TEST_HOST)";
				CODE_SIGN_STYLE = Automatic;
				CURRENT_PROJECT_VERSION = 1;
				DEVELOPMENT_TEAM = MC8BT9Z8GD;
				GENERATE_INFOPLIST_FILE = YES;
				IPHONEOS_DEPLOYMENT_TARGET = 18.2;
				MARKETING_VERSION = 1.0;
				PRODUCT_BUNDLE_IDENTIFIER = ai.tucuxi.CaseBrieferTests;
				PRODUCT_NAME = "$(TARGET_NAME)";
				SWIFT_EMIT_LOC_STRINGS = NO;
				SWIFT_VERSION = 5.0;
				TARGETED_DEVICE_FAMILY = "1,2";
				TEST_HOST = "$(BUILT_PRODUCTS_DIR)/CaseBriefer.app/$(BUNDLE_EXECUTABLE_FOLDER_PATH)/CaseBriefer";
			};
			name = Release;
		};
		8899A3352D775CB7007DEAAB /* Debug */ = {
			isa = XCBuildConfiguration;
			buildSettings = {
				CODE_SIGN_STYLE = Automatic;
				CURRENT_PROJECT_VERSION = 1;
				DEVELOPMENT_TEAM = MC8BT9Z8GD;
				GENERATE_INFOPLIST_FILE = YES;
				MARKETING_VERSION = 1.0;
				PRODUCT_BUNDLE_IDENTIFIER = ai.tucuxi.CaseBrieferUITests;
				PRODUCT_NAME = "$(TARGET_NAME)";
				SWIFT_EMIT_LOC_STRINGS = NO;
				SWIFT_VERSION = 5.0;
				TARGETED_DEVICE_FAMILY = "1,2";
				TEST_TARGET_NAME = CaseBriefer;
			};
			name = Debug;
		};
		8899A3362D775CB7007DEAAB /* Release */ = {
			isa = XCBuildConfiguration;
			buildSettings = {
				CODE_SIGN_STYLE = Automatic;
				CURRENT_PROJECT_VERSION = 1;
				DEVELOPMENT_TEAM = MC8BT9Z8GD;
				GENERATE_INFOPLIST_FILE = YES;
				MARKETING_VERSION = 1.0;
				PRODUCT_BUNDLE_IDENTIFIER = ai.tucuxi.CaseBrieferUITests;
				PRODUCT_NAME = "$(TARGET_NAME)";
				SWIFT_EMIT_LOC_STRINGS = NO;
				SWIFT_VERSION = 5.0;
				TARGETED_DEVICE_FAMILY = "1,2";
				TEST_TARGET_NAME = CaseBriefer;
			};
			name = Release;
		};
/* End XCBuildConfiguration section */

/* Begin XCConfigurationList section */
		8899A3032D775CB6007DEAAB /* Build configuration list for PBXProject "CaseBriefer" */ = {
			isa = XCConfigurationList;
			buildConfigurations = (
				8899A32C2D775CB7007DEAAB /* Debug */,
				8899A32D2D775CB7007DEAAB /* Release */,
			);
			defaultConfigurationIsVisible = 0;
			defaultConfigurationName = Release;
		};
		8899A32E2D775CB7007DEAAB /* Build configuration list for PBXNativeTarget "CaseBriefer" */ = {
			isa = XCConfigurationList;
			buildConfigurations = (
				8899A32F2D775CB7007DEAAB /* Debug */,
				8899A3302D775CB7007DEAAB /* Release */,
			);
			defaultConfigurationIsVisible = 0;
			defaultConfigurationName = Release;
		};
		8899A3312D775CB7007DEAAB /* Build configuration list for PBXNativeTarget "CaseBrieferTests" */ = {
			isa = XCConfigurationList;
			buildConfigurations = (
				8899A3322D775CB7007DEAAB /* Debug */,
				8899A3332D775CB7007DEAAB /* Release */,
			);
			defaultConfigurationIsVisible = 0;
			defaultConfigurationName = Release;
		};
		8899A3342D775CB7007DEAAB /* Build configuration list for PBXNativeTarget "CaseBrieferUITests" */ = {
			isa = XCConfigurationList;
			buildConfigurations = (
				8899A3352D775CB7007DEAAB /* Debug */,
				8899A3362D775CB7007DEAAB /* Release */,
			);
			defaultConfigurationIsVisible = 0;
			defaultConfigurationName = Release;
		};
/* End XCConfigurationList section */
	};
	rootObject = 8899A3002D775CB6007DEAAB /* Project object */;
}
